// !$*UTF8*$!
{
	archiveVersion = 1;
	classes = {
	};
	objectVersion = 56;
	objects = {

/* Begin PBXBuildFile section */
		3FCFE2FE2A08D9610090823E /* AppDelegate.swift in Sources */ = {isa = PBXBuildFile; fileRef = 3FCFE2FD2A08D9610090823E /* AppDelegate.swift */; };
		3FCFE3002A08D9610090823E /* SceneDelegate.swift in Sources */ = {isa = PBXBuildFile; fileRef = 3FCFE2FF2A08D9610090823E /* SceneDelegate.swift */; };
		3FCFE3022A08D9610090823E /* HomePageViewController.swift in Sources */ = {isa = PBXBuildFile; fileRef = 3FCFE3012A08D9610090823E /* HomePageViewController.swift */; };
		3FCFE3052A08D9610090823E /* Main.storyboard in Resources */ = {isa = PBXBuildFile; fileRef = 3FCFE3032A08D9610090823E /* Main.storyboard */; };
		3FCFE3072A08D9620090823E /* Assets.xcassets in Resources */ = {isa = PBXBuildFile; fileRef = 3FCFE3062A08D9620090823E /* Assets.xcassets */; };
		3FCFE30A2A08D9620090823E /* LaunchScreen.storyboard in Resources */ = {isa = PBXBuildFile; fileRef = 3FCFE3082A08D9620090823E /* LaunchScreen.storyboard */; };
		3FCFE3152A08DB970090823E /* NibView.swift in Sources */ = {isa = PBXBuildFile; fileRef = 3FCFE3142A08DB970090823E /* NibView.swift */; };
		3FCFE31A2A08DD0B0090823E /* UITableView+Extension.swift in Sources */ = {isa = PBXBuildFile; fileRef = 3FCFE3192A08DD0B0090823E /* UITableView+Extension.swift */; };
		3FCFE31C2A08DE0B0090823E /* UIImage+Extension.swift in Sources */ = {isa = PBXBuildFile; fileRef = 3FCFE31B2A08DE0B0090823E /* UIImage+Extension.swift */; };
		3FCFE31F2A08DEFD0090823E /* PlayerState.swift in Sources */ = {isa = PBXBuildFile; fileRef = 3FCFE31E2A08DEFD0090823E /* PlayerState.swift */; };
		3FCFE3272A08DFAE0090823E /* MusicDM.swift in Sources */ = {isa = PBXBuildFile; fileRef = 3FCFE3262A08DFAE0090823E /* MusicDM.swift */; };
		FA6F0CFEF9F47B9C3F10D4E4 /* Pods_iTunesSearchAPIExercise.framework in Frameworks */ = {isa = PBXBuildFile; fileRef = 7B828D2C2A2349C17C91D01F /* Pods_iTunesSearchAPIExercise.framework */; };
/* End PBXBuildFile section */

/* Begin PBXFileReference section */
		25B239DC1F8BB6C3E9DF1876 /* Pods-iTunesSearchAPIExercise.release.xcconfig */ = {isa = PBXFileReference; includeInIndex = 1; lastKnownFileType = text.xcconfig; name = "Pods-iTunesSearchAPIExercise.release.xcconfig"; path = "Target Support Files/Pods-iTunesSearchAPIExercise/Pods-iTunesSearchAPIExercise.release.xcconfig"; sourceTree = "<group>"; };
		3FCFE2FA2A08D9610090823E /* iTunesSearchAPIExercise.app */ = {isa = PBXFileReference; explicitFileType = wrapper.application; includeInIndex = 0; path = iTunesSearchAPIExercise.app; sourceTree = BUILT_PRODUCTS_DIR; };
		3FCFE2FD2A08D9610090823E /* AppDelegate.swift */ = {isa = PBXFileReference; lastKnownFileType = sourcecode.swift; path = AppDelegate.swift; sourceTree = "<group>"; };
		3FCFE2FF2A08D9610090823E /* SceneDelegate.swift */ = {isa = PBXFileReference; lastKnownFileType = sourcecode.swift; path = SceneDelegate.swift; sourceTree = "<group>"; };
		3FCFE3012A08D9610090823E /* HomePageViewController.swift */ = {isa = PBXFileReference; lastKnownFileType = sourcecode.swift; path = HomePageViewController.swift; sourceTree = "<group>"; };
		3FCFE3042A08D9610090823E /* Base */ = {isa = PBXFileReference; lastKnownFileType = file.storyboard; name = Base; path = Base.lproj/Main.storyboard; sourceTree = "<group>"; };
		3FCFE3062A08D9620090823E /* Assets.xcassets */ = {isa = PBXFileReference; lastKnownFileType = folder.assetcatalog; path = Assets.xcassets; sourceTree = "<group>"; };
		3FCFE3092A08D9620090823E /* Base */ = {isa = PBXFileReference; lastKnownFileType = file.storyboard; name = Base; path = Base.lproj/LaunchScreen.storyboard; sourceTree = "<group>"; };
		3FCFE30B2A08D9620090823E /* Info.plist */ = {isa = PBXFileReference; lastKnownFileType = text.plist.xml; path = Info.plist; sourceTree = "<group>"; };
		3FCFE3142A08DB970090823E /* NibView.swift */ = {isa = PBXFileReference; fileEncoding = 4; lastKnownFileType = sourcecode.swift; path = NibView.swift; sourceTree = "<group>"; };
		3FCFE3192A08DD0B0090823E /* UITableView+Extension.swift */ = {isa = PBXFileReference; fileEncoding = 4; lastKnownFileType = sourcecode.swift; path = "UITableView+Extension.swift"; sourceTree = "<group>"; };
		3FCFE31B2A08DE0B0090823E /* UIImage+Extension.swift */ = {isa = PBXFileReference; fileEncoding = 4; lastKnownFileType = sourcecode.swift; path = "UIImage+Extension.swift"; sourceTree = "<group>"; };
		3FCFE31E2A08DEFD0090823E /* PlayerState.swift */ = {isa = PBXFileReference; fileEncoding = 4; lastKnownFileType = sourcecode.swift; path = PlayerState.swift; sourceTree = "<group>"; };
		3FCFE3262A08DFAE0090823E /* MusicDM.swift */ = {isa = PBXFileReference; fileEncoding = 4; lastKnownFileType = sourcecode.swift; path = MusicDM.swift; sourceTree = "<group>"; };
		708D742BDD86FF96B6EBF81B /* Pods-iTunesSearchAPIExercise.debug.xcconfig */ = {isa = PBXFileReference; includeInIndex = 1; lastKnownFileType = text.xcconfig; name = "Pods-iTunesSearchAPIExercise.debug.xcconfig"; path = "Target Support Files/Pods-iTunesSearchAPIExercise/Pods-iTunesSearchAPIExercise.debug.xcconfig"; sourceTree = "<group>"; };
		7B828D2C2A2349C17C91D01F /* Pods_iTunesSearchAPIExercise.framework */ = {isa = PBXFileReference; explicitFileType = wrapper.framework; includeInIndex = 0; path = Pods_iTunesSearchAPIExercise.framework; sourceTree = BUILT_PRODUCTS_DIR; };
/* End PBXFileReference section */

/* Begin PBXFrameworksBuildPhase section */
		3FCFE2F72A08D9610090823E /* Frameworks */ = {
			isa = PBXFrameworksBuildPhase;
			buildActionMask = 2147483647;
			files = (
				FA6F0CFEF9F47B9C3F10D4E4 /* Pods_iTunesSearchAPIExercise.framework in Frameworks */,
			);
			runOnlyForDeploymentPostprocessing = 0;
		};
/* End PBXFrameworksBuildPhase section */

/* Begin PBXGroup section */
		3FCFE2F12A08D9610090823E = {
			isa = PBXGroup;
			children = (
				3FCFE2FC2A08D9610090823E /* iTunesSearchAPIExercise */,
				3FCFE2FB2A08D9610090823E /* Products */,
				93F3BDD3B94DC74BC4F3F8CE /* Pods */,
				A8B0FC4668D0B45186DEC5E6 /* Frameworks */,
			);
			sourceTree = "<group>";
		};
		3FCFE2FB2A08D9610090823E /* Products */ = {
			isa = PBXGroup;
			children = (
				3FCFE2FA2A08D9610090823E /* iTunesSearchAPIExercise.app */,
			);
			name = Products;
			sourceTree = "<group>";
		};
		3FCFE2FC2A08D9610090823E /* iTunesSearchAPIExercise */ = {
			isa = PBXGroup;
			children = (
				3FCFE2FD2A08D9610090823E /* AppDelegate.swift */,
				3FCFE2FF2A08D9610090823E /* SceneDelegate.swift */,
				3FCFE3252A08DF920090823E /* DataModel */,
				3FCFE31D2A08DEDE0090823E /* Enum */,
				3FCFE3122A08DB5C0090823E /* Utilities */,
				3FCFE3112A08DB020090823E /* VC */,
				3FCFE3032A08D9610090823E /* Main.storyboard */,
				3FCFE3062A08D9620090823E /* Assets.xcassets */,
				3FCFE3082A08D9620090823E /* LaunchScreen.storyboard */,
				3FCFE30B2A08D9620090823E /* Info.plist */,
			);
			path = iTunesSearchAPIExercise;
			sourceTree = "<group>";
		};
		3FCFE3112A08DB020090823E /* VC */ = {
			isa = PBXGroup;
			children = (
				3FCFE3012A08D9610090823E /* HomePageViewController.swift */,
			);
			path = VC;
			sourceTree = "<group>";
		};
		3FCFE3122A08DB5C0090823E /* Utilities */ = {
			isa = PBXGroup;
			children = (
				3FCFE3162A08DCA90090823E /* Extension */,
				3FCFE3132A08DB720090823E /* Base */,
			);
			path = Utilities;
			sourceTree = "<group>";
		};
		3FCFE3132A08DB720090823E /* Base */ = {
			isa = PBXGroup;
			children = (
				3FCFE3142A08DB970090823E /* NibView.swift */,
			);
			path = Base;
			sourceTree = "<group>";
		};
		3FCFE3162A08DCA90090823E /* Extension */ = {
			isa = PBXGroup;
			children = (
				3FCFE31B2A08DE0B0090823E /* UIImage+Extension.swift */,
				3FCFE3192A08DD0B0090823E /* UITableView+Extension.swift */,
			);
			path = Extension;
			sourceTree = "<group>";
		};
		3FCFE31D2A08DEDE0090823E /* Enum */ = {
			isa = PBXGroup;
			children = (
				3FCFE31E2A08DEFD0090823E /* PlayerState.swift */,
			);
			path = Enum;
			sourceTree = "<group>";
		};
		3FCFE3252A08DF920090823E /* DataModel */ = {
			isa = PBXGroup;
			children = (
				3FCFE3262A08DFAE0090823E /* MusicDM.swift */,
			);
			path = DataModel;
			sourceTree = "<group>";
		};
		93F3BDD3B94DC74BC4F3F8CE /* Pods */ = {
			isa = PBXGroup;
			children = (
				708D742BDD86FF96B6EBF81B /* Pods-iTunesSearchAPIExercise.debug.xcconfig */,
				25B239DC1F8BB6C3E9DF1876 /* Pods-iTunesSearchAPIExercise.release.xcconfig */,
			);
			path = Pods;
			sourceTree = "<group>";
		};
		A8B0FC4668D0B45186DEC5E6 /* Frameworks */ = {
			isa = PBXGroup;
			children = (
				7B828D2C2A2349C17C91D01F /* Pods_iTunesSearchAPIExercise.framework */,
			);
			name = Frameworks;
			sourceTree = "<group>";
		};
/* End PBXGroup section */

/* Begin PBXNativeTarget section */
		3FCFE2F92A08D9610090823E /* iTunesSearchAPIExercise */ = {
			isa = PBXNativeTarget;
			buildConfigurationList = 3FCFE30E2A08D9620090823E /* Build configuration list for PBXNativeTarget "iTunesSearchAPIExercise" */;
			buildPhases = (
				11D009CC3AD7CE99E5F68FD7 /* [CP] Check Pods Manifest.lock */,
				3FCFE2F62A08D9610090823E /* Sources */,
				3FCFE2F72A08D9610090823E /* Frameworks */,
				3FCFE2F82A08D9610090823E /* Resources */,
				7680A58FFCFB795149BAE6C9 /* [CP] Embed Pods Frameworks */,
			);
			buildRules = (
			);
			dependencies = (
			);
			name = iTunesSearchAPIExercise;
			productName = iTunesSearchAPIExercise;
			productReference = 3FCFE2FA2A08D9610090823E /* iTunesSearchAPIExercise.app */;
			productType = "com.apple.product-type.application";
		};
/* End PBXNativeTarget section */

/* Begin PBXProject section */
		3FCFE2F22A08D9610090823E /* Project object */ = {
			isa = PBXProject;
			attributes = {
				BuildIndependentTargetsInParallel = 1;
				LastSwiftUpdateCheck = 1430;
				LastUpgradeCheck = 1430;
				TargetAttributes = {
					3FCFE2F92A08D9610090823E = {
						CreatedOnToolsVersion = 14.3;
					};
				};
			};
			buildConfigurationList = 3FCFE2F52A08D9610090823E /* Build configuration list for PBXProject "iTunesSearchAPIExercise" */;
			compatibilityVersion = "Xcode 14.0";
			developmentRegion = en;
			hasScannedForEncodings = 0;
			knownRegions = (
				en,
				Base,
			);
			mainGroup = 3FCFE2F12A08D9610090823E;
			productRefGroup = 3FCFE2FB2A08D9610090823E /* Products */;
			projectDirPath = "";
			projectRoot = "";
			targets = (
				3FCFE2F92A08D9610090823E /* iTunesSearchAPIExercise */,
			);
		};
/* End PBXProject section */

/* Begin PBXResourcesBuildPhase section */
		3FCFE2F82A08D9610090823E /* Resources */ = {
			isa = PBXResourcesBuildPhase;
			buildActionMask = 2147483647;
			files = (
				3FCFE30A2A08D9620090823E /* LaunchScreen.storyboard in Resources */,
				3FCFE3072A08D9620090823E /* Assets.xcassets in Resources */,
				3FCFE3052A08D9610090823E /* Main.storyboard in Resources */,
			);
			runOnlyForDeploymentPostprocessing = 0;
		};
/* End PBXResourcesBuildPhase section */

/* Begin PBXShellScriptBuildPhase section */
		11D009CC3AD7CE99E5F68FD7 /* [CP] Check Pods Manifest.lock */ = {
			isa = PBXShellScriptBuildPhase;
			buildActionMask = 2147483647;
			files = (
			);
			inputFileListPaths = (
			);
			inputPaths = (
				"${PODS_PODFILE_DIR_PATH}/Podfile.lock",
				"${PODS_ROOT}/Manifest.lock",
			);
			name = "[CP] Check Pods Manifest.lock";
			outputFileListPaths = (
			);
			outputPaths = (
				"$(DERIVED_FILE_DIR)/Pods-iTunesSearchAPIExercise-checkManifestLockResult.txt",
			);
			runOnlyForDeploymentPostprocessing = 0;
			shellPath = /bin/sh;
			shellScript = "diff \"${PODS_PODFILE_DIR_PATH}/Podfile.lock\" \"${PODS_ROOT}/Manifest.lock\" > /dev/null\nif [ $? != 0 ] ; then\n    # print error to STDERR\n    echo \"error: The sandbox is not in sync with the Podfile.lock. Run 'pod install' or update your CocoaPods installation.\" >&2\n    exit 1\nfi\n# This output is used by Xcode 'outputs' to avoid re-running this script phase.\necho \"SUCCESS\" > \"${SCRIPT_OUTPUT_FILE_0}\"\n";
			showEnvVarsInLog = 0;
		};
		7680A58FFCFB795149BAE6C9 /* [CP] Embed Pods Frameworks */ = {
			isa = PBXShellScriptBuildPhase;
			buildActionMask = 2147483647;
			files = (
			);
			inputFileListPaths = (
				"${PODS_ROOT}/Target Support Files/Pods-iTunesSearchAPIExercise/Pods-iTunesSearchAPIExercise-frameworks-${CONFIGURATION}-input-files.xcfilelist",
			);
			name = "[CP] Embed Pods Frameworks";
			outputFileListPaths = (
				"${PODS_ROOT}/Target Support Files/Pods-iTunesSearchAPIExercise/Pods-iTunesSearchAPIExercise-frameworks-${CONFIGURATION}-output-files.xcfilelist",
			);
			runOnlyForDeploymentPostprocessing = 0;
			shellPath = /bin/sh;
			shellScript = "\"${PODS_ROOT}/Target Support Files/Pods-iTunesSearchAPIExercise/Pods-iTunesSearchAPIExercise-frameworks.sh\"\n";
			showEnvVarsInLog = 0;
		};
/* End PBXShellScriptBuildPhase section */

/* Begin PBXSourcesBuildPhase section */
		3FCFE2F62A08D9610090823E /* Sources */ = {
			isa = PBXSourcesBuildPhase;
			buildActionMask = 2147483647;
			files = (
				3FCFE3152A08DB970090823E /* NibView.swift in Sources */,
				3FCFE3022A08D9610090823E /* HomePageViewController.swift in Sources */,
				3FCFE3272A08DFAE0090823E /* MusicDM.swift in Sources */,
				3FCFE2FE2A08D9610090823E /* AppDelegate.swift in Sources */,
				3FCFE31F2A08DEFD0090823E /* PlayerState.swift in Sources */,
				3FCFE31C2A08DE0B0090823E /* UIImage+Extension.swift in Sources */,
				3FCFE3002A08D9610090823E /* SceneDelegate.swift in Sources */,
				3FCFE31A2A08DD0B0090823E /* UITableView+Extension.swift in Sources */,
			);
			runOnlyForDeploymentPostprocessing = 0;
		};
/* End PBXSourcesBuildPhase section */

/* Begin PBXVariantGroup section */
		3FCFE3032A08D9610090823E /* Main.storyboard */ = {
			isa = PBXVariantGroup;
			children = (
				3FCFE3042A08D9610090823E /* Base */,
			);
			name = Main.storyboard;
			sourceTree = "<group>";
		};
		3FCFE3082A08D9620090823E /* LaunchScreen.storyboard */ = {
			isa = PBXVariantGroup;
			children = (
				3FCFE3092A08D9620090823E /* Base */,
			);
			name = LaunchScreen.storyboard;
			sourceTree = "<group>";
		};
/* End PBXVariantGroup section */

/* Begin XCBuildConfiguration section */
		3FCFE30C2A08D9620090823E /* Debug */ = {
			isa = XCBuildConfiguration;
			buildSettings = {
				ALWAYS_SEARCH_USER_PATHS = NO;
				CLANG_ANALYZER_NONNULL = YES;
				CLANG_ANALYZER_NUMBER_OBJECT_CONVERSION = YES_AGGRESSIVE;
				CLANG_CXX_LANGUAGE_STANDARD = "gnu++20";
				CLANG_ENABLE_MODULES = YES;
				CLANG_ENABLE_OBJC_ARC = YES;
				CLANG_ENABLE_OBJC_WEAK = YES;
				CLANG_WARN_BLOCK_CAPTURE_AUTORELEASING = YES;
				CLANG_WARN_BOOL_CONVERSION = YES;
				CLANG_WARN_COMMA = YES;
				CLANG_WARN_CONSTANT_CONVERSION = YES;
				CLANG_WARN_DEPRECATED_OBJC_IMPLEMENTATIONS = YES;
				CLANG_WARN_DIRECT_OBJC_ISA_USAGE = YES_ERROR;
				CLANG_WARN_DOCUMENTATION_COMMENTS = YES;
				CLANG_WARN_EMPTY_BODY = YES;
				CLANG_WARN_ENUM_CONVERSION = YES;
				CLANG_WARN_INFINITE_RECURSION = YES;
				CLANG_WARN_INT_CONVERSION = YES;
				CLANG_WARN_NON_LITERAL_NULL_CONVERSION = YES;
				CLANG_WARN_OBJC_IMPLICIT_RETAIN_SELF = YES;
				CLANG_WARN_OBJC_LITERAL_CONVERSION = YES;
				CLANG_WARN_OBJC_ROOT_CLASS = YES_ERROR;
				CLANG_WARN_QUOTED_INCLUDE_IN_FRAMEWORK_HEADER = YES;
				CLANG_WARN_RANGE_LOOP_ANALYSIS = YES;
				CLANG_WARN_STRICT_PROTOTYPES = YES;
				CLANG_WARN_SUSPICIOUS_MOVE = YES;
				CLANG_WARN_UNGUARDED_AVAILABILITY = YES_AGGRESSIVE;
				CLANG_WARN_UNREACHABLE_CODE = YES;
				CLANG_WARN__DUPLICATE_METHOD_MATCH = YES;
				COPY_PHASE_STRIP = NO;
				DEBUG_INFORMATION_FORMAT = dwarf;
				ENABLE_STRICT_OBJC_MSGSEND = YES;
				ENABLE_TESTABILITY = YES;
				GCC_C_LANGUAGE_STANDARD = gnu11;
				GCC_DYNAMIC_NO_PIC = NO;
				GCC_NO_COMMON_BLOCKS = YES;
				GCC_OPTIMIZATION_LEVEL = 0;
				GCC_PREPROCESSOR_DEFINITIONS = (
					"DEBUG=1",
					"$(inherited)",
				);
				GCC_WARN_64_TO_32_BIT_CONVERSION = YES;
				GCC_WARN_ABOUT_RETURN_TYPE = YES_ERROR;
				GCC_WARN_UNDECLARED_SELECTOR = YES;
				GCC_WARN_UNINITIALIZED_AUTOS = YES_AGGRESSIVE;
				GCC_WARN_UNUSED_FUNCTION = YES;
				GCC_WARN_UNUSED_VARIABLE = YES;
				IPHONEOS_DEPLOYMENT_TARGET = 13.0;
				MTL_ENABLE_DEBUG_INFO = INCLUDE_SOURCE;
				MTL_FAST_MATH = YES;
				ONLY_ACTIVE_ARCH = YES;
				SDKROOT = iphoneos;
				SWIFT_ACTIVE_COMPILATION_CONDITIONS = DEBUG;
				SWIFT_OPTIMIZATION_LEVEL = "-Onone";
			};
			name = Debug;
		};
		3FCFE30D2A08D9620090823E /* Release */ = {
			isa = XCBuildConfiguration;
			buildSettings = {
				ALWAYS_SEARCH_USER_PATHS = NO;
				CLANG_ANALYZER_NONNULL = YES;
				CLANG_ANALYZER_NUMBER_OBJECT_CONVERSION = YES_AGGRESSIVE;
				CLANG_CXX_LANGUAGE_STANDARD = "gnu++20";
				CLANG_ENABLE_MODULES = YES;
				CLANG_ENABLE_OBJC_ARC = YES;
				CLANG_ENABLE_OBJC_WEAK = YES;
				CLANG_WARN_BLOCK_CAPTURE_AUTORELEASING = YES;
				CLANG_WARN_BOOL_CONVERSION = YES;
				CLANG_WARN_COMMA = YES;
				CLANG_WARN_CONSTANT_CONVERSION = YES;
				CLANG_WARN_DEPRECATED_OBJC_IMPLEMENTATIONS = YES;
				CLANG_WARN_DIRECT_OBJC_ISA_USAGE = YES_ERROR;
				CLANG_WARN_DOCUMENTATION_COMMENTS = YES;
				CLANG_WARN_EMPTY_BODY = YES;
				CLANG_WARN_ENUM_CONVERSION = YES;
				CLANG_WARN_INFINITE_RECURSION = YES;
				CLANG_WARN_INT_CONVERSION = YES;
				CLANG_WARN_NON_LITERAL_NULL_CONVERSION = YES;
				CLANG_WARN_OBJC_IMPLICIT_RETAIN_SELF = YES;
				CLANG_WARN_OBJC_LITERAL_CONVERSION = YES;
				CLANG_WARN_OBJC_ROOT_CLASS = YES_ERROR;
				CLANG_WARN_QUOTED_INCLUDE_IN_FRAMEWORK_HEADER = YES;
				CLANG_WARN_RANGE_LOOP_ANALYSIS = YES;
				CLANG_WARN_STRICT_PROTOTYPES = YES;
				CLANG_WARN_SUSPICIOUS_MOVE = YES;
				CLANG_WARN_UNGUARDED_AVAILABILITY = YES_AGGRESSIVE;
				CLANG_WARN_UNREACHABLE_CODE = YES;
				CLANG_WARN__DUPLICATE_METHOD_MATCH = YES;
				COPY_PHASE_STRIP = NO;
				DEBUG_INFORMATION_FORMAT = "dwarf-with-dsym";
				ENABLE_NS_ASSERTIONS = NO;
				ENABLE_STRICT_OBJC_MSGSEND = YES;
				GCC_C_LANGUAGE_STANDARD = gnu11;
				GCC_NO_COMMON_BLOCKS = YES;
				GCC_WARN_64_TO_32_BIT_CONVERSION = YES;
				GCC_WARN_ABOUT_RETURN_TYPE = YES_ERROR;
				GCC_WARN_UNDECLARED_SELECTOR = YES;
				GCC_WARN_UNINITIALIZED_AUTOS = YES_AGGRESSIVE;
				GCC_WARN_UNUSED_FUNCTION = YES;
				GCC_WARN_UNUSED_VARIABLE = YES;
				IPHONEOS_DEPLOYMENT_TARGET = 13.0;
				MTL_ENABLE_DEBUG_INFO = NO;
				MTL_FAST_MATH = YES;
				SDKROOT = iphoneos;
				SWIFT_COMPILATION_MODE = wholemodule;
				SWIFT_OPTIMIZATION_LEVEL = "-O";
				VALIDATE_PRODUCT = YES;
			};
			name = Release;
		};
		3FCFE30F2A08D9620090823E /* Debug */ = {
			isa = XCBuildConfiguration;
			baseConfigurationReference = 708D742BDD86FF96B6EBF81B /* Pods-iTunesSearchAPIExercise.debug.xcconfig */;
			buildSettings = {
				ASSETCATALOG_COMPILER_APPICON_NAME = AppIcon;
				ASSETCATALOG_COMPILER_GLOBAL_ACCENT_COLOR_NAME = AccentColor;
				CODE_SIGN_STYLE = Automatic;
				CURRENT_PROJECT_VERSION = 1;
				GENERATE_INFOPLIST_FILE = YES;
				INFOPLIST_FILE = iTunesSearchAPIExercise/Info.plist;
				INFOPLIST_KEY_UIApplicationSupportsIndirectInputEvents = YES;
				INFOPLIST_KEY_UILaunchStoryboardName = LaunchScreen;
				INFOPLIST_KEY_UIMainStoryboardFile = Main;
				INFOPLIST_KEY_UISupportedInterfaceOrientations_iPad = "UIInterfaceOrientationPortrait UIInterfaceOrientationPortraitUpsideDown UIInterfaceOrientationLandscapeLeft UIInterfaceOrientationLandscapeRight";
				INFOPLIST_KEY_UISupportedInterfaceOrientations_iPhone = "UIInterfaceOrientationPortrait UIInterfaceOrientationLandscapeLeft UIInterfaceOrientationLandscapeRight";
				IPHONEOS_DEPLOYMENT_TARGET = 13.0;
				LD_RUNPATH_SEARCH_PATHS = (
					"$(inherited)",
					"@executable_path/Frameworks",
				);
				MARKETING_VERSION = 1.0;
				PRODUCT_BUNDLE_IDENTIFIER = DanielChenForWork.iTunesSearchAPIExercise;
				PRODUCT_NAME = "$(TARGET_NAME)";
				SWIFT_EMIT_LOC_STRINGS = YES;
				SWIFT_VERSION = 5.0;
				TARGETED_DEVICE_FAMILY = "1,2";
			};
			name = Debug;
		};
		3FCFE3102A08D9620090823E /* Release */ = {
			isa = XCBuildConfiguration;
			baseConfigurationReference = 25B239DC1F8BB6C3E9DF1876 /* Pods-iTunesSearchAPIExercise.release.xcconfig */;
			buildSettings = {
				ASSETCATALOG_COMPILER_APPICON_NAME = AppIcon;
				ASSETCATALOG_COMPILER_GLOBAL_ACCENT_COLOR_NAME = AccentColor;
				CODE_SIGN_STYLE = Automatic;
				CURRENT_PROJECT_VERSION = 1;
				GENERATE_INFOPLIST_FILE = YES;
				INFOPLIST_FILE = iTunesSearchAPIExercise/Info.plist;
				INFOPLIST_KEY_UIApplicationSupportsIndirectInputEvents = YES;
				INFOPLIST_KEY_UILaunchStoryboardName = LaunchScreen;
				INFOPLIST_KEY_UIMainStoryboardFile = Main;
				INFOPLIST_KEY_UISupportedInterfaceOrientations_iPad = "UIInterfaceOrientationPortrait UIInterfaceOrientationPortraitUpsideDown UIInterfaceOrientationLandscapeLeft UIInterfaceOrientationLandscapeRight";
				INFOPLIST_KEY_UISupportedInterfaceOrientations_iPhone = "UIInterfaceOrientationPortrait UIInterfaceOrientationLandscapeLeft UIInterfaceOrientationLandscapeRight";
				IPHONEOS_DEPLOYMENT_TARGET = 13.0;
				LD_RUNPATH_SEARCH_PATHS = (
					"$(inherited)",
					"@executable_path/Frameworks",
				);
				MARKETING_VERSION = 1.0;
				PRODUCT_BUNDLE_IDENTIFIER = DanielChenForWork.iTunesSearchAPIExercise;
				PRODUCT_NAME = "$(TARGET_NAME)";
				SWIFT_EMIT_LOC_STRINGS = YES;
				SWIFT_VERSION = 5.0;
				TARGETED_DEVICE_FAMILY = "1,2";
			};
			name = Release;
		};
/* End XCBuildConfiguration section */

/* Begin XCConfigurationList section */
		3FCFE2F52A08D9610090823E /* Build configuration list for PBXProject "iTunesSearchAPIExercise" */ = {
			isa = XCConfigurationList;
			buildConfigurations = (
				3FCFE30C2A08D9620090823E /* Debug */,
				3FCFE30D2A08D9620090823E /* Release */,
			);
			defaultConfigurationIsVisible = 0;
			defaultConfigurationName = Release;
		};
		3FCFE30E2A08D9620090823E /* Build configuration list for PBXNativeTarget "iTunesSearchAPIExercise" */ = {
			isa = XCConfigurationList;
			buildConfigurations = (
				3FCFE30F2A08D9620090823E /* Debug */,
				3FCFE3102A08D9620090823E /* Release */,
			);
			defaultConfigurationIsVisible = 0;
			defaultConfigurationName = Release;
		};
/* End XCConfigurationList section */
	};
	rootObject = 3FCFE2F22A08D9610090823E /* Project object */;
}
